
Microsoft Visual Studio Solution File, Format Version 12.00
# Visual Studio Version 17
VisualStudioVersion = 17.2.32630.192
MinimumVisualStudioVersion = 10.0.40219.1
Project("{FAE04EC0-301F-11D3-BF4B-00C04F79EFBC}") = "ObserverPattern", "ObserverPattern\ObserverPattern.csproj", "{A0A5CA7C-E2BB-4E0C-99AB-C2C9C7164F80}"
EndProject
Global
	GlobalSection(SolutionConfigurationPlatforms) = preSolution
		Debug|Any CPU = Debug|Any CPU
		Release|Any CPU = Release|Any CPU
	EndGlobalSection
	GlobalSection(ProjectConfigurationPlatforms) = postSolution
		{A0A5CA7C-E2BB-4E0C-99AB-C2C9C7164F80}.Debug|Any CPU.ActiveCfg = Debug|Any CPU
		{A0A5CA7C-E2BB-4E0C-99AB-C2C9C7164F80}.Debug|Any CPU.Build.0 = Debug|Any CPU
		{A0A5CA7C-E2BB-4E0C-99AB-C2C9C7164F80}.Release|Any CPU.ActiveCfg = Release|Any CPU
		{A0A5CA7C-E2BB-4E0C-99AB-C2C9C7164F80}.Release|Any CPU.Build.0 = Release|Any CPU
	EndGlobalSection
	GlobalSection(SolutionProperties) = preSolution
		HideSolutionNode = FALSE
	EndGlobalSection
	GlobalSection(ExtensibilityGlobals) = postSolution
		SolutionGuid = {3E5A353F-566F-4D79-BEF3-A69A0B0FA60D}
	EndGlobalSection
EndGlobal
